
Microsoft Visual Studio Solution File, Format Version 12.00
# Visual Studio Version 17
VisualStudioVersion = 17.5.33530.505
MinimumVisualStudioVersion = 10.0.40219.1
Project("{FAE04EC0-301F-11D3-BF4B-00C04F79EFBC}") = "ToCutProjectors", "ToCutProjectors\ToCutProjectors.csproj", "{3F216EAA-0A15-419A-91D5-10426F364AD2}"
EndProject
Project("{2150E333-8FDC-42A3-9474-1A3956D46DE8}") = "src", "src", "{7193DF23-C485-46E8-B5CE-8D41ABE1548E}"
EndProject
Project("{2150E333-8FDC-42A3-9474-1A3956D46DE8}") = "tests", "tests", "{F1222C3F-1497-4413-9CC6-F1377BB93296}"
EndProject
Project("{FAE04EC0-301F-11D3-BF4B-00C04F79EFBC}") = "ToCutProjectorsTest", "ToCutProjectorsTest\ToCutProjectorsTest.csproj", "{D3310A5F-2D81-436C-9C90-A37E5CE6CB20}"
EndProject
Global
	GlobalSection(SolutionConfigurationPlatforms) = preSolution
		Debug|Any CPU = Debug|Any CPU
		Release|Any CPU = Release|Any CPU
	EndGlobalSection
	GlobalSection(ProjectConfigurationPlatforms) = postSolution
		{3F216EAA-0A15-419A-91D5-10426F364AD2}.Debug|Any CPU.ActiveCfg = Debug|Any CPU
		{3F216EAA-0A15-419A-91D5-10426F364AD2}.Debug|Any CPU.Build.0 = Debug|Any CPU
		{3F216EAA-0A15-419A-91D5-10426F364AD2}.Release|Any CPU.ActiveCfg = Release|Any CPU
		{3F216EAA-0A15-419A-91D5-10426F364AD2}.Release|Any CPU.Build.0 = Release|Any CPU
		{D3310A5F-2D81-436C-9C90-A37E5CE6CB20}.Debug|Any CPU.ActiveCfg = Debug|Any CPU
		{D3310A5F-2D81-436C-9C90-A37E5CE6CB20}.Debug|Any CPU.Build.0 = Debug|Any CPU
		{D3310A5F-2D81-436C-9C90-A37E5CE6CB20}.Release|Any CPU.ActiveCfg = Release|Any CPU
		{D3310A5F-2D81-436C-9C90-A37E5CE6CB20}.Release|Any CPU.Build.0 = Release|Any CPU
	EndGlobalSection
	GlobalSection(SolutionProperties) = preSolution
		HideSolutionNode = FALSE
	EndGlobalSection
	GlobalSection(NestedProjects) = preSolution
		{3F216EAA-0A15-419A-91D5-10426F364AD2} = {7193DF23-C485-46E8-B5CE-8D41ABE1548E}
		{D3310A5F-2D81-436C-9C90-A37E5CE6CB20} = {F1222C3F-1497-4413-9CC6-F1377BB93296}
	EndGlobalSection
	GlobalSection(ExtensibilityGlobals) = postSolution
		SolutionGuid = {035D55DE-1B6C-4D89-A3AA-1E79D7B353C7}
	EndGlobalSection
EndGlobal
